<?xml version="1.0" encoding="utf-8"?>
<Project ToolsVersion="4.0" xmlns="http://schemas.microsoft.com/developer/msbuild/2003">
  <ItemGroup>
    <Filter Include="Fichiers sources">
      <UniqueIdentifier>{4FC737F1-C7A5-4376-A066-2A32D752A2FF}</UniqueIdentifier>
      <Extensions>cpp;c;cc;cxx;c++;cppm;ixx;def;odl;idl;hpj;bat;asm;asmx</Extensions>
    </Filter>
    <Filter Include="Fichiers d%27en-tête">
      <UniqueIdentifier>{93995380-89BD-4b04-88EB-625FBE52EBFB}</UniqueIdentifier>
      <Extensions>h;hh;hpp;hxx;h++;hm;inl;inc;ipp;xsd</Extensions>
    </Filter>
    <Filter Include="Fichiers de ressources">
      <UniqueIdentifier>{67DA6AB6-F800-4c08-8B7A-83BB121AAD01}</UniqueIdentifier>
      <Extensions>rc;ico;cur;bmp;dlg;rc2;rct;bin;rgs;gif;jpg;jpeg;jpe;resx;tiff;tif;png;wav;mfcribbon-ms</Extensions>
    </Filter>
    <Filter Include="Fichiers d%27en-tête\Data">
      <UniqueIdentifier>{43f095a8-de10-473a-874b-84f083dc2a97}</UniqueIdentifier>
    </Filter>
    <Filter Include="Fichiers sources\Data">
      <UniqueIdentifier>{12d596dd-3cf9-42f1-93a9-3c8532b676eb}</UniqueIdentifier>
    </Filter>
    <Filter Include="Fichiers d%27en-tête\Data\DAO">
      <UniqueIdentifier>{a8c187ca-6706-4120-a376-c3b8aec84a90}</UniqueIdentifier>
    </Filter>
    <Filter Include="Fichiers sources\Data\DAO">
      <UniqueIdentifier>{e78ec1ad-e5bc-4e64-aae5-9d95048c027a}</UniqueIdentifier>
    </Filter>
    <Filter Include="Fichiers d%27en-tête\Services">
      <UniqueIdentifier>{59f8cc95-ab6f-472a-950b-4e3db6791278}</UniqueIdentifier>
    </Filter>
    <Filter Include="Fichiers sources\Services">
      <UniqueIdentifier>{fab2e84a-fc1a-4026-a29c-0888d63a6c22}</UniqueIdentifier>
    </Filter>
  </ItemGroup>
  <ItemGroup>
    <ClInclude Include="MainForm.h">
      <Filter>Fichiers d%27en-tête</Filter>
    </ClInclude>
    <ClInclude Include="DashboardForm.h">
      <Filter>Fichiers d%27en-tête</Filter>
    </ClInclude>
    <ClInclude Include="EmployeeForm.h">
      <Filter>Fichiers d%27en-tête</Filter>
    </ClInclude>
    <ClInclude Include="CustomerForm.h">
      <Filter>Fichiers d%27en-tête</Filter>
    </ClInclude>
    <ClInclude Include="OrderForm.h">
      <Filter>Fichiers d%27en-tête</Filter>
    </ClInclude>
    <ClInclude Include="StockForm.h">
      <Filter>Fichiers d%27en-tête</Filter>
    </ClInclude>
    <ClInclude Include="Adress.h">
      <Filter>Fichiers d%27en-tête\Data\DAO</Filter>
    </ClInclude>
    <ClInclude Include="Customer.h">
      <Filter>Fichiers d%27en-tête\Data\DAO</Filter>
    </ClInclude>
    <ClInclude Include="Employee.h">
      <Filter>Fichiers d%27en-tête\Data\DAO</Filter>
    </ClInclude>
    <ClInclude Include="Order.h">
      <Filter>Fichiers d%27en-tête\Data\DAO</Filter>
    </ClInclude>
    <ClInclude Include="Item.h">
      <Filter>Fichiers d%27en-tête\Data\DAO</Filter>
    </ClInclude>
    <ClInclude Include="Payment.h">
      <Filter>Fichiers d%27en-tête\Data\DAO</Filter>
    </ClInclude>
    <ClInclude Include="DataContext.h">
      <Filter>Fichiers d%27en-tête\Data</Filter>
    </ClInclude>
    <ClInclude Include="Stock.h">
      <Filter>Fichiers d%27en-tête\Data\DAO</Filter>
    </ClInclude>
    <ClInclude Include="WholesalePrice.h">
      <Filter>Fichiers d%27en-tête\Data\DAO</Filter>
    </ClInclude>
    <ClInclude Include="AbstractService.h">
      <Filter>Fichiers d%27en-tête\Services</Filter>
    </ClInclude>
    <ClInclude Include="ServiceAdress.h">
      <Filter>Fichiers d%27en-tête\Services</Filter>
    </ClInclude>
    <ClInclude Include="ServiceCustomer.h">
      <Filter>Fichiers d%27en-tête\Services</Filter>
    </ClInclude>
    <ClInclude Include="ServiceEmployee.h">
      <Filter>Fichiers d%27en-tête\Services</Filter>
    </ClInclude>
    <ClInclude Include="ServiceItem.h">
      <Filter>Fichiers d%27en-tête\Services</Filter>
    </ClInclude>
    <ClInclude Include="ServiceOrder.h">
      <Filter>Fichiers d%27en-tête\Services</Filter>
    </ClInclude>
    <ClInclude Include="ServicePayment.h">
      <Filter>Fichiers d%27en-tête\Services</Filter>
    </ClInclude>
    <ClInclude Include="ServiceStock.h">
      <Filter>Fichiers d%27en-tête\Services</Filter>
    </ClInclude>
    <ClInclude Include="AddEmployeeForm.h">
      <Filter>Fichiers d%27en-tête</Filter>
    </ClInclude>
    <ClInclude Include="UpdateEmployeeForm.h">
      <Filter>Fichiers d%27en-tête</Filter>
    </ClInclude>
    <ClInclude Include="AddCustomerForm.h">
      <Filter>Fichiers d%27en-tête</Filter>
    </ClInclude>
    <ClInclude Include="UpdateCustomerForm.h">
      <Filter>Fichiers d%27en-tête</Filter>
    </ClInclude>
    <ClInclude Include="ErrorForm.h">
      <Filter>Fichiers d%27en-tête</Filter>
    </ClInclude>
    <ClInclude Include="AddOrderForm.h">
      <Filter>Fichiers d%27en-tête</Filter>
    </ClInclude>
    <ClInclude Include="UpdateOrderForm.h">
      <Filter>Fichiers d%27en-tête</Filter>
    </ClInclude>
    <ClInclude Include="AddStockForm.h">
      <Filter>Fichiers d%27en-tête</Filter>
    </ClInclude>
    <ClInclude Include="UpdateStockForm.h">
      <Filter>Fichiers d%27en-tête</Filter>
    </ClInclude>
  </ItemGroup>
  <ItemGroup>
    <ClCompile Include="MainForm.cpp">
      <Filter>Fichiers sources</Filter>
    </ClCompile>
    <ClCompile Include="DashboardForm.cpp">
      <Filter>Fichiers sources</Filter>
    </ClCompile>
    <ClCompile Include="EmployeeForm.cpp">
      <Filter>Fichiers sources</Filter>
    </ClCompile>
    <ClCompile Include="CustomerForm.cpp">
      <Filter>Fichiers sources</Filter>
    </ClCompile>
    <ClCompile Include="OrderForm.cpp">
      <Filter>Fichiers sources</Filter>
    </ClCompile>
    <ClCompile Include="StockForm.cpp">
      <Filter>Fichiers sources</Filter>
    </ClCompile>
    <ClCompile Include="DataContextForm.cpp">
      <Filter>Fichiers sources\Data</Filter>
    </ClCompile>
    <ClCompile Include="Adress.cpp">
      <Filter>Fichiers sources\Data\DAO</Filter>
    </ClCompile>
    <ClCompile Include="Customer.cpp">
      <Filter>Fichiers sources\Data\DAO</Filter>
    </ClCompile>
    <ClCompile Include="Employee.cpp">
      <Filter>Fichiers sources\Data\DAO</Filter>
    </ClCompile>
    <ClCompile Include="Item.cpp">
      <Filter>Fichiers sources\Data\DAO</Filter>
    </ClCompile>
    <ClCompile Include="Order.cpp">
      <Filter>Fichiers sources\Data\DAO</Filter>
    </ClCompile>
    <ClCompile Include="Stock.cpp">
      <Filter>Fichiers sources\Data\DAO</Filter>
    </ClCompile>
    <ClCompile Include="Payment.cpp">
      <Filter>Fichiers sources\Data\DAO</Filter>
    </ClCompile>
    <ClCompile Include="WholesalePrice.cpp">
      <Filter>Fichiers sources\Data\DAO</Filter>
    </ClCompile>
    <ClCompile Include="AbstractService.cpp">
      <Filter>Fichiers sources\Services</Filter>
    </ClCompile>
    <ClCompile Include="ServiceAdress.cpp">
      <Filter>Fichiers sources\Services</Filter>
    </ClCompile>
    <ClCompile Include="ServiceCustomer.cpp">
      <Filter>Fichiers sources\Services</Filter>
    </ClCompile>
    <ClCompile Include="ServiceEmployee.cpp">
      <Filter>Fichiers sources\Services</Filter>
    </ClCompile>
    <ClCompile Include="ServiceItem.cpp">
      <Filter>Fichiers sources\Services</Filter>
    </ClCompile>
    <ClCompile Include="ServiceOrder.cpp">
      <Filter>Fichiers sources\Services</Filter>
    </ClCompile>
    <ClCompile Include="ServicePayment.cpp">
      <Filter>Fichiers sources\Services</Filter>
    </ClCompile>
    <ClCompile Include="ServiceStock.cpp">
      <Filter>Fichiers sources\Services</Filter>
    </ClCompile>
    <ClCompile Include="AddEmployeeForm.cpp">
      <Filter>Fichiers sources</Filter>
    </ClCompile>
    <ClCompile Include="UpdateEmployeeForm.cpp">
      <Filter>Fichiers sources</Filter>
    </ClCompile>
    <ClCompile Include="AddCustomerForm.cpp">
      <Filter>Fichiers sources</Filter>
    </ClCompile>
    <ClCompile Include="UpdateCustomerForm.cpp">
      <Filter>Fichiers sources</Filter>
    </ClCompile>
    <ClCompile Include="ErrorForm.cpp">
      <Filter>Fichiers sources</Filter>
    </ClCompile>
    <ClCompile Include="AddOrderForm.cpp">
      <Filter>Fichiers sources</Filter>
    </ClCompile>
    <ClCompile Include="UpdateOrderForm.cpp">
      <Filter>Fichiers sources</Filter>
    </ClCompile>
    <ClCompile Include="AddStockForm.cpp">
      <Filter>Fichiers sources</Filter>
    </ClCompile>
    <ClCompile Include="UpdateStockForm.cpp">
      <Filter>Fichiers sources</Filter>
    </ClCompile>
  </ItemGroup>
  <ItemGroup>
    <None Include="packages.config" />
    <None Include="licenses.licx" />
    <None Include="ClassDiagram1.cd" />
  </ItemGroup>
  <ItemGroup>
    <Natvis Include="$(MSBuildThisFileDirectory)tools\aspose_types.natvis" />
  </ItemGroup>
</Project>